
Microsoft Visual Studio Solution File, Format Version 12.00
# Visual Studio 2015
Project("{FAE04EC0-301F-11D3-BF4B-00C04F79EFBC}") = "COMP305_Final_Project_SoulSeeker", "COMP305_Final_Project_SoulSeeker.csproj", "{BA543BE4-DAB7-50E2-895F-8E7D03B0A825}"
EndProject
Project("{FAE04EC0-301F-11D3-BF4B-00C04F79EFBC}") = "COMP305_Final_Project_SoulSeeker.Editor", "COMP305_Final_Project_SoulSeeker.Editor.csproj", "{02DD4EB2-D6AE-ECF9-3EB9-48874EA94FD6}"
EndProject
Global
	GlobalSection(SolutionConfigurationPlatforms) = preSolution
		Debug|Any CPU = Debug|Any CPU
		Release|Any CPU = Release|Any CPU
	EndGlobalSection
	GlobalSection(ProjectConfigurationPlatforms) = postSolution
		{BA543BE4-DAB7-50E2-895F-8E7D03B0A825}.Debug|Any CPU.ActiveCfg = Debug|Any CPU
		{BA543BE4-DAB7-50E2-895F-8E7D03B0A825}.Debug|Any CPU.Build.0 = Debug|Any CPU
		{BA543BE4-DAB7-50E2-895F-8E7D03B0A825}.Release|Any CPU.ActiveCfg = Release|Any CPU
		{BA543BE4-DAB7-50E2-895F-8E7D03B0A825}.Release|Any CPU.Build.0 = Release|Any CPU
		{02DD4EB2-D6AE-ECF9-3EB9-48874EA94FD6}.Debug|Any CPU.ActiveCfg = Debug|Any CPU
		{02DD4EB2-D6AE-ECF9-3EB9-48874EA94FD6}.Debug|Any CPU.Build.0 = Debug|Any CPU
		{02DD4EB2-D6AE-ECF9-3EB9-48874EA94FD6}.Release|Any CPU.ActiveCfg = Release|Any CPU
		{02DD4EB2-D6AE-ECF9-3EB9-48874EA94FD6}.Release|Any CPU.Build.0 = Release|Any CPU
	EndGlobalSection
	GlobalSection(SolutionProperties) = preSolution
		HideSolutionNode = FALSE
	EndGlobalSection
EndGlobal
